
Microsoft Visual Studio Solution File, Format Version 12.00
# Visual Studio Version 17
VisualStudioVersion = 17.3.32929.385
MinimumVisualStudioVersion = 10.0.40219.1
Project("{8BC9CEB8-8B4A-11D0-8D11-00A0C91BC942}") = "Массив2", "Массив2\Массив2.vcxproj", "{097153F1-2AFB-4F98-B305-D475161B95ED}"
EndProject
Global
	GlobalSection(SolutionConfigurationPlatforms) = preSolution
		Debug|x64 = Debug|x64
		Debug|x86 = Debug|x86
		Release|x64 = Release|x64
		Release|x86 = Release|x86
	EndGlobalSection
	GlobalSection(ProjectConfigurationPlatforms) = postSolution
		{097153F1-2AFB-4F98-B305-D475161B95ED}.Debug|x64.ActiveCfg = Debug|x64
		{097153F1-2AFB-4F98-B305-D475161B95ED}.Debug|x64.Build.0 = Debug|x64
		{097153F1-2AFB-4F98-B305-D475161B95ED}.Debug|x86.ActiveCfg = Debug|Win32
		{097153F1-2AFB-4F98-B305-D475161B95ED}.Debug|x86.Build.0 = Debug|Win32
		{097153F1-2AFB-4F98-B305-D475161B95ED}.Release|x64.ActiveCfg = Release|x64
		{097153F1-2AFB-4F98-B305-D475161B95ED}.Release|x64.Build.0 = Release|x64
		{097153F1-2AFB-4F98-B305-D475161B95ED}.Release|x86.ActiveCfg = Release|Win32
		{097153F1-2AFB-4F98-B305-D475161B95ED}.Release|x86.Build.0 = Release|Win32
	EndGlobalSection
	GlobalSection(SolutionProperties) = preSolution
		HideSolutionNode = FALSE
	EndGlobalSection
	GlobalSection(ExtensibilityGlobals) = postSolution
		SolutionGuid = {71009AE8-2978-488A-AA1B-23AEBDFEB6C2}
	EndGlobalSection
EndGlobal
